
Microsoft Visual Studio Solution File, Format Version 12.00
# Visual Studio Version 16
VisualStudioVersion = 16.0.30413.136
MinimumVisualStudioVersion = 10.0.40219.1
Project("{FAE04EC0-301F-11D3-BF4B-00C04F79EFBC}") = "vkladki.Android", "vkladki\vkladki.Android\vkladki.Android.csproj", "{37A849B6-175A-4AF3-B445-C17AD3F31AD6}"
EndProject
Project("{FAE04EC0-301F-11D3-BF4B-00C04F79EFBC}") = "vkladki", "vkladki\vkladki\vkladki.csproj", "{00EDD0E8-E2A8-4EBD-9A5D-2A0554D8D536}"
EndProject
Global
	GlobalSection(SolutionConfigurationPlatforms) = preSolution
		Debug|Any CPU = Debug|Any CPU
		Release|Any CPU = Release|Any CPU
	EndGlobalSection
	GlobalSection(ProjectConfigurationPlatforms) = postSolution
		{37A849B6-175A-4AF3-B445-C17AD3F31AD6}.Debug|Any CPU.ActiveCfg = Debug|Any CPU
		{37A849B6-175A-4AF3-B445-C17AD3F31AD6}.Debug|Any CPU.Build.0 = Debug|Any CPU
		{37A849B6-175A-4AF3-B445-C17AD3F31AD6}.Debug|Any CPU.Deploy.0 = Debug|Any CPU
		{37A849B6-175A-4AF3-B445-C17AD3F31AD6}.Release|Any CPU.ActiveCfg = Release|Any CPU
		{37A849B6-175A-4AF3-B445-C17AD3F31AD6}.Release|Any CPU.Build.0 = Release|Any CPU
		{37A849B6-175A-4AF3-B445-C17AD3F31AD6}.Release|Any CPU.Deploy.0 = Release|Any CPU
		{00EDD0E8-E2A8-4EBD-9A5D-2A0554D8D536}.Debug|Any CPU.ActiveCfg = Debug|Any CPU
		{00EDD0E8-E2A8-4EBD-9A5D-2A0554D8D536}.Debug|Any CPU.Build.0 = Debug|Any CPU
		{00EDD0E8-E2A8-4EBD-9A5D-2A0554D8D536}.Debug|Any CPU.Deploy.0 = Debug|Any CPU
		{00EDD0E8-E2A8-4EBD-9A5D-2A0554D8D536}.Release|Any CPU.ActiveCfg = Release|Any CPU
		{00EDD0E8-E2A8-4EBD-9A5D-2A0554D8D536}.Release|Any CPU.Build.0 = Release|Any CPU
		{00EDD0E8-E2A8-4EBD-9A5D-2A0554D8D536}.Release|Any CPU.Deploy.0 = Release|Any CPU
	EndGlobalSection
	GlobalSection(SolutionProperties) = preSolution
		HideSolutionNode = FALSE
	EndGlobalSection
	GlobalSection(ExtensibilityGlobals) = postSolution
		SolutionGuid = {917CD71E-9ABE-4BD9-89CE-2CD469C07D26}
	EndGlobalSection
EndGlobal
